
Microsoft Visual Studio Solution File, Format Version 12.00
# Visual Studio 15
VisualStudioVersion = 15.0.27428.2015
MinimumVisualStudioVersion = 10.0.40219.1
Project("{FAE04EC0-301F-11D3-BF4B-00C04F79EFBC}") = "Tuanproject", "Tuanproject.csproj", "{422A20F8-9C87-4638-9F7C-D011251E4535}"
EndProject
Global
	GlobalSection(SolutionConfigurationPlatforms) = preSolution
		Debug|Any CPU = Debug|Any CPU
		Release|Any CPU = Release|Any CPU
	EndGlobalSection
	GlobalSection(ProjectConfigurationPlatforms) = postSolution
		{422A20F8-9C87-4638-9F7C-D011251E4535}.Debug|Any CPU.ActiveCfg = Debug|Any CPU
		{422A20F8-9C87-4638-9F7C-D011251E4535}.Debug|Any CPU.Build.0 = Debug|Any CPU
		{422A20F8-9C87-4638-9F7C-D011251E4535}.Release|Any CPU.ActiveCfg = Release|Any CPU
		{422A20F8-9C87-4638-9F7C-D011251E4535}.Release|Any CPU.Build.0 = Release|Any CPU
	EndGlobalSection
	GlobalSection(SolutionProperties) = preSolution
		HideSolutionNode = FALSE
	EndGlobalSection
	GlobalSection(ExtensibilityGlobals) = postSolution
		SolutionGuid = {D1F3EFC3-F8AD-4C06-B008-D534DB17A8FD}
	EndGlobalSection
EndGlobal
