
Microsoft Visual Studio Solution File, Format Version 12.00
# Visual Studio 15
VisualStudioVersion = 15.0.27428.2015
MinimumVisualStudioVersion = 10.0.40219.1
Project("{FAE04EC0-301F-11D3-BF4B-00C04F79EFBC}") = "ConsoleApp1", "ConsoleApp1.csproj", "{0BD8F663-110F-4E57-9792-9A29306307A0}"
EndProject
Global
	GlobalSection(SolutionConfigurationPlatforms) = preSolution
		Debug|Any CPU = Debug|Any CPU
		Release|Any CPU = Release|Any CPU
	EndGlobalSection
	GlobalSection(ProjectConfigurationPlatforms) = postSolution
		{0BD8F663-110F-4E57-9792-9A29306307A0}.Debug|Any CPU.ActiveCfg = Debug|Any CPU
		{0BD8F663-110F-4E57-9792-9A29306307A0}.Debug|Any CPU.Build.0 = Debug|Any CPU
		{0BD8F663-110F-4E57-9792-9A29306307A0}.Release|Any CPU.ActiveCfg = Release|Any CPU
		{0BD8F663-110F-4E57-9792-9A29306307A0}.Release|Any CPU.Build.0 = Release|Any CPU
	EndGlobalSection
	GlobalSection(SolutionProperties) = preSolution
		HideSolutionNode = FALSE
	EndGlobalSection
	GlobalSection(ExtensibilityGlobals) = postSolution
		SolutionGuid = {49D9DDC2-517E-4248-8B3D-36DE4F776F03}
	EndGlobalSection
EndGlobal
