
Microsoft Visual Studio Solution File, Format Version 12.00
# Visual Studio 15
VisualStudioVersion = 15.0.27428.2015
MinimumVisualStudioVersion = 10.0.40219.1
Project("{FAE04EC0-301F-11D3-BF4B-00C04F79EFBC}") = "TuanProject2", "TuanProject2.csproj", "{B6CB8973-4AEE-4D1D-8D7B-56491DD76E28}"
EndProject
Global
	GlobalSection(SolutionConfigurationPlatforms) = preSolution
		Debug|Any CPU = Debug|Any CPU
		Release|Any CPU = Release|Any CPU
	EndGlobalSection
	GlobalSection(ProjectConfigurationPlatforms) = postSolution
		{B6CB8973-4AEE-4D1D-8D7B-56491DD76E28}.Debug|Any CPU.ActiveCfg = Debug|Any CPU
		{B6CB8973-4AEE-4D1D-8D7B-56491DD76E28}.Debug|Any CPU.Build.0 = Debug|Any CPU
		{B6CB8973-4AEE-4D1D-8D7B-56491DD76E28}.Release|Any CPU.ActiveCfg = Release|Any CPU
		{B6CB8973-4AEE-4D1D-8D7B-56491DD76E28}.Release|Any CPU.Build.0 = Release|Any CPU
	EndGlobalSection
	GlobalSection(SolutionProperties) = preSolution
		HideSolutionNode = FALSE
	EndGlobalSection
	GlobalSection(ExtensibilityGlobals) = postSolution
		SolutionGuid = {90B3519B-C4E3-47FB-9871-B0DDA0E1E274}
	EndGlobalSection
EndGlobal
